// !$*UTF8*$!
{
	archiveVersion = 1;
	classes = {
	};
	objectVersion = 48;
	objects = {

/* Begin PBXBuildFile section */
		27BC8996213F37C50008A3E3 /* AppDelegate.swift in Sources */ = {isa = PBXBuildFile; fileRef = 27BC8995213F37C50008A3E3 /* AppDelegate.swift */; };
		27BC899B213F37C50008A3E3 /* Main.storyboard in Resources */ = {isa = PBXBuildFile; fileRef = 27BC8999213F37C50008A3E3 /* Main.storyboard */; };
		27BC899D213F37C50008A3E3 /* Assets.xcassets in Resources */ = {isa = PBXBuildFile; fileRef = 27BC899C213F37C50008A3E3 /* Assets.xcassets */; };
		27BC89A0213F37C50008A3E3 /* LaunchScreen.storyboard in Resources */ = {isa = PBXBuildFile; fileRef = 27BC899E213F37C50008A3E3 /* LaunchScreen.storyboard */; };
		27BC89AB213F37C50008A3E3 /* RedditClientTests.swift in Sources */ = {isa = PBXBuildFile; fileRef = 27BC89AA213F37C50008A3E3 /* RedditClientTests.swift */; };
		27BC89B6213F37C50008A3E3 /* RedditClientUITests.swift in Sources */ = {isa = PBXBuildFile; fileRef = 27BC89B5213F37C50008A3E3 /* RedditClientUITests.swift */; };
		27BC89C4213F4D110008A3E3 /* LoadingScreen.swift in Sources */ = {isa = PBXBuildFile; fileRef = 27BC89C3213F4D110008A3E3 /* LoadingScreen.swift */; };
		27BC89C6213FA4C60008A3E3 /* TopPosts.swift in Sources */ = {isa = PBXBuildFile; fileRef = 27BC89C5213FA4C60008A3E3 /* TopPosts.swift */; };
/* End PBXBuildFile section */

/* Begin PBXContainerItemProxy section */
		27BC89A7213F37C50008A3E3 /* PBXContainerItemProxy */ = {
			isa = PBXContainerItemProxy;
			containerPortal = 27BC898A213F37C50008A3E3 /* Project object */;
			proxyType = 1;
			remoteGlobalIDString = 27BC8991213F37C50008A3E3;
			remoteInfo = RedditClient;
		};
		27BC89B2213F37C50008A3E3 /* PBXContainerItemProxy */ = {
			isa = PBXContainerItemProxy;
			containerPortal = 27BC898A213F37C50008A3E3 /* Project object */;
			proxyType = 1;
			remoteGlobalIDString = 27BC8991213F37C50008A3E3;
			remoteInfo = RedditClient;
		};
/* End PBXContainerItemProxy section */

/* Begin PBXFileReference section */
		27BC8992213F37C50008A3E3 /* RedditClient.app */ = {isa = PBXFileReference; explicitFileType = wrapper.application; includeInIndex = 0; path = RedditClient.app; sourceTree = BUILT_PRODUCTS_DIR; };
		27BC8995213F37C50008A3E3 /* AppDelegate.swift */ = {isa = PBXFileReference; lastKnownFileType = sourcecode.swift; path = AppDelegate.swift; sourceTree = "<group>"; };
		27BC899A213F37C50008A3E3 /* Base */ = {isa = PBXFileReference; lastKnownFileType = file.storyboard; name = Base; path = Base.lproj/Main.storyboard; sourceTree = "<group>"; };
		27BC899C213F37C50008A3E3 /* Assets.xcassets */ = {isa = PBXFileReference; lastKnownFileType = folder.assetcatalog; path = Assets.xcassets; sourceTree = "<group>"; };
		27BC899F213F37C50008A3E3 /* Base */ = {isa = PBXFileReference; lastKnownFileType = file.storyboard; name = Base; path = Base.lproj/LaunchScreen.storyboard; sourceTree = "<group>"; };
		27BC89A1213F37C50008A3E3 /* Info.plist */ = {isa = PBXFileReference; lastKnownFileType = text.plist.xml; path = Info.plist; sourceTree = "<group>"; };
		27BC89A6213F37C50008A3E3 /* RedditClientTests.xctest */ = {isa = PBXFileReference; explicitFileType = wrapper.cfbundle; includeInIndex = 0; path = RedditClientTests.xctest; sourceTree = BUILT_PRODUCTS_DIR; };
		27BC89AA213F37C50008A3E3 /* RedditClientTests.swift */ = {isa = PBXFileReference; lastKnownFileType = sourcecode.swift; path = RedditClientTests.swift; sourceTree = "<group>"; };
		27BC89AC213F37C50008A3E3 /* Info.plist */ = {isa = PBXFileReference; lastKnownFileType = text.plist.xml; path = Info.plist; sourceTree = "<group>"; };
		27BC89B1213F37C50008A3E3 /* RedditClientUITests.xctest */ = {isa = PBXFileReference; explicitFileType = wrapper.cfbundle; includeInIndex = 0; path = RedditClientUITests.xctest; sourceTree = BUILT_PRODUCTS_DIR; };
		27BC89B5213F37C50008A3E3 /* RedditClientUITests.swift */ = {isa = PBXFileReference; lastKnownFileType = sourcecode.swift; path = RedditClientUITests.swift; sourceTree = "<group>"; };
		27BC89B7213F37C50008A3E3 /* Info.plist */ = {isa = PBXFileReference; lastKnownFileType = text.plist.xml; path = Info.plist; sourceTree = "<group>"; };
		27BC89C3213F4D110008A3E3 /* LoadingScreen.swift */ = {isa = PBXFileReference; lastKnownFileType = sourcecode.swift; path = LoadingScreen.swift; sourceTree = "<group>"; };
		27BC89C5213FA4C60008A3E3 /* TopPosts.swift */ = {isa = PBXFileReference; lastKnownFileType = sourcecode.swift; path = TopPosts.swift; sourceTree = "<group>"; };
/* End PBXFileReference section */

/* Begin PBXFrameworksBuildPhase section */
		27BC898F213F37C50008A3E3 /* Frameworks */ = {
			isa = PBXFrameworksBuildPhase;
			buildActionMask = 2147483647;
			files = (
			);
			runOnlyForDeploymentPostprocessing = 0;
		};
		27BC89A3213F37C50008A3E3 /* Frameworks */ = {
			isa = PBXFrameworksBuildPhase;
			buildActionMask = 2147483647;
			files = (
			);
			runOnlyForDeploymentPostprocessing = 0;
		};
		27BC89AE213F37C50008A3E3 /* Frameworks */ = {
			isa = PBXFrameworksBuildPhase;
			buildActionMask = 2147483647;
			files = (
			);
			runOnlyForDeploymentPostprocessing = 0;
		};
/* End PBXFrameworksBuildPhase section */

/* Begin PBXGroup section */
		27BC8989213F37C50008A3E3 = {
			isa = PBXGroup;
			children = (
				27BC8994213F37C50008A3E3 /* RedditClient */,
				27BC89A9213F37C50008A3E3 /* RedditClientTests */,
				27BC89B4213F37C50008A3E3 /* RedditClientUITests */,
				27BC8993213F37C50008A3E3 /* Products */,
			);
			sourceTree = "<group>";
		};
		27BC8993213F37C50008A3E3 /* Products */ = {
			isa = PBXGroup;
			children = (
				27BC8992213F37C50008A3E3 /* RedditClient.app */,
				27BC89A6213F37C50008A3E3 /* RedditClientTests.xctest */,
				27BC89B1213F37C50008A3E3 /* RedditClientUITests.xctest */,
			);
			name = Products;
			sourceTree = "<group>";
		};
		27BC8994213F37C50008A3E3 /* RedditClient */ = {
			isa = PBXGroup;
			children = (
				27BC8995213F37C50008A3E3 /* AppDelegate.swift */,
				27BC89C3213F4D110008A3E3 /* LoadingScreen.swift */,
				27BC89C5213FA4C60008A3E3 /* TopPosts.swift */,
				27BC8999213F37C50008A3E3 /* Main.storyboard */,
				27BC899C213F37C50008A3E3 /* Assets.xcassets */,
				27BC899E213F37C50008A3E3 /* LaunchScreen.storyboard */,
				27BC89A1213F37C50008A3E3 /* Info.plist */,
			);
			path = RedditClient;
			sourceTree = "<group>";
		};
		27BC89A9213F37C50008A3E3 /* RedditClientTests */ = {
			isa = PBXGroup;
			children = (
				27BC89AA213F37C50008A3E3 /* RedditClientTests.swift */,
				27BC89AC213F37C50008A3E3 /* Info.plist */,
			);
			path = RedditClientTests;
			sourceTree = "<group>";
		};
		27BC89B4213F37C50008A3E3 /* RedditClientUITests */ = {
			isa = PBXGroup;
			children = (
				27BC89B5213F37C50008A3E3 /* RedditClientUITests.swift */,
				27BC89B7213F37C50008A3E3 /* Info.plist */,
			);
			path = RedditClientUITests;
			sourceTree = "<group>";
		};
/* End PBXGroup section */

/* Begin PBXNativeTarget section */
		27BC8991213F37C50008A3E3 /* RedditClient */ = {
			isa = PBXNativeTarget;
			buildConfigurationList = 27BC89BA213F37C50008A3E3 /* Build configuration list for PBXNativeTarget "RedditClient" */;
			buildPhases = (
				27BC898E213F37C50008A3E3 /* Sources */,
				27BC898F213F37C50008A3E3 /* Frameworks */,
				27BC8990213F37C50008A3E3 /* Resources */,
			);
			buildRules = (
			);
			dependencies = (
			);
			name = RedditClient;
			productName = RedditClient;
			productReference = 27BC8992213F37C50008A3E3 /* RedditClient.app */;
			productType = "com.apple.product-type.application";
		};
		27BC89A5213F37C50008A3E3 /* RedditClientTests */ = {
			isa = PBXNativeTarget;
			buildConfigurationList = 27BC89BD213F37C50008A3E3 /* Build configuration list for PBXNativeTarget "RedditClientTests" */;
			buildPhases = (
				27BC89A2213F37C50008A3E3 /* Sources */,
				27BC89A3213F37C50008A3E3 /* Frameworks */,
				27BC89A4213F37C50008A3E3 /* Resources */,
			);
			buildRules = (
			);
			dependencies = (
				27BC89A8213F37C50008A3E3 /* PBXTargetDependency */,
			);
			name = RedditClientTests;
			productName = RedditClientTests;
			productReference = 27BC89A6213F37C50008A3E3 /* RedditClientTests.xctest */;
			productType = "com.apple.product-type.bundle.unit-test";
		};
		27BC89B0213F37C50008A3E3 /* RedditClientUITests */ = {
			isa = PBXNativeTarget;
			buildConfigurationList = 27BC89C0213F37C50008A3E3 /* Build configuration list for PBXNativeTarget "RedditClientUITests" */;
			buildPhases = (
				27BC89AD213F37C50008A3E3 /* Sources */,
				27BC89AE213F37C50008A3E3 /* Frameworks */,
				27BC89AF213F37C50008A3E3 /* Resources */,
			);
			buildRules = (
			);
			dependencies = (
				27BC89B3213F37C50008A3E3 /* PBXTargetDependency */,
			);
			name = RedditClientUITests;
			productName = RedditClientUITests;
			productReference = 27BC89B1213F37C50008A3E3 /* RedditClientUITests.xctest */;
			productType = "com.apple.product-type.bundle.ui-testing";
		};
/* End PBXNativeTarget section */

/* Begin PBXProject section */
		27BC898A213F37C50008A3E3 /* Project object */ = {
			isa = PBXProject;
			attributes = {
				LastSwiftUpdateCheck = 0920;
				LastUpgradeCheck = 0920;
				TargetAttributes = {
					27BC8991213F37C50008A3E3 = {
						CreatedOnToolsVersion = 9.2;
						ProvisioningStyle = Automatic;
					};
					27BC89A5213F37C50008A3E3 = {
						CreatedOnToolsVersion = 9.2;
						ProvisioningStyle = Automatic;
						TestTargetID = 27BC8991213F37C50008A3E3;
					};
					27BC89B0213F37C50008A3E3 = {
						CreatedOnToolsVersion = 9.2;
						ProvisioningStyle = Automatic;
						TestTargetID = 27BC8991213F37C50008A3E3;
					};
				};
			};
			buildConfigurationList = 27BC898D213F37C50008A3E3 /* Build configuration list for PBXProject "RedditClient" */;
			compatibilityVersion = "Xcode 8.0";
			developmentRegion = en;
			hasScannedForEncodings = 0;
			knownRegions = (
				en,
				Base,
			);
			mainGroup = 27BC8989213F37C50008A3E3;
			productRefGroup = 27BC8993213F37C50008A3E3 /* Products */;
			projectDirPath = "";
			projectRoot = "";
			targets = (
				27BC8991213F37C50008A3E3 /* RedditClient */,
				27BC89A5213F37C50008A3E3 /* RedditClientTests */,
				27BC89B0213F37C50008A3E3 /* RedditClientUITests */,
			);
		};
/* End PBXProject section */

/* Begin PBXResourcesBuildPhase section */
		27BC8990213F37C50008A3E3 /* Resources */ = {
			isa = PBXResourcesBuildPhase;
			buildActionMask = 2147483647;
			files = (
				27BC89A0213F37C50008A3E3 /* LaunchScreen.storyboard in Resources */,
				27BC899D213F37C50008A3E3 /* Assets.xcassets in Resources */,
				27BC899B213F37C50008A3E3 /* Main.storyboard in Resources */,
			);
			runOnlyForDeploymentPostprocessing = 0;
		};
		27BC89A4213F37C50008A3E3 /* Resources */ = {
			isa = PBXResourcesBuildPhase;
			buildActionMask = 2147483647;
			files = (
			);
			runOnlyForDeploymentPostprocessing = 0;
		};
		27BC89AF213F37C50008A3E3 /* Resources */ = {
			isa = PBXResourcesBuildPhase;
			buildActionMask = 2147483647;
			files = (
			);
			runOnlyForDeploymentPostprocessing = 0;
		};
/* End PBXResourcesBuildPhase section */

/* Begin PBXSourcesBuildPhase section */
		27BC898E213F37C50008A3E3 /* Sources */ = {
			isa = PBXSourcesBuildPhase;
			buildActionMask = 2147483647;
			files = (
				27BC89C6213FA4C60008A3E3 /* TopPosts.swift in Sources */,
				27BC8996213F37C50008A3E3 /* AppDelegate.swift in Sources */,
				27BC89C4213F4D110008A3E3 /* LoadingScreen.swift in Sources */,
			);
			runOnlyForDeploymentPostprocessing = 0;
		};
		27BC89A2213F37C50008A3E3 /* Sources */ = {
			isa = PBXSourcesBuildPhase;
			buildActionMask = 2147483647;
			files = (
				27BC89AB213F37C50008A3E3 /* RedditClientTests.swift in Sources */,
			);
			runOnlyForDeploymentPostprocessing = 0;
		};
		27BC89AD213F37C50008A3E3 /* Sources */ = {
			isa = PBXSourcesBuildPhase;
			buildActionMask = 2147483647;
			files = (
				27BC89B6213F37C50008A3E3 /* RedditClientUITests.swift in Sources */,
			);
			runOnlyForDeploymentPostprocessing = 0;
		};
/* End PBXSourcesBuildPhase section */

/* Begin PBXTargetDependency section */
		27BC89A8213F37C50008A3E3 /* PBXTargetDependency */ = {
			isa = PBXTargetDependency;
			target = 27BC8991213F37C50008A3E3 /* RedditClient */;
			targetProxy = 27BC89A7213F37C50008A3E3 /* PBXContainerItemProxy */;
		};
		27BC89B3213F37C50008A3E3 /* PBXTargetDependency */ = {
			isa = PBXTargetDependency;
			target = 27BC8991213F37C50008A3E3 /* RedditClient */;
			targetProxy = 27BC89B2213F37C50008A3E3 /* PBXContainerItemProxy */;
		};
/* End PBXTargetDependency section */

/* Begin PBXVariantGroup section */
		27BC8999213F37C50008A3E3 /* Main.storyboard */ = {
			isa = PBXVariantGroup;
			children = (
				27BC899A213F37C50008A3E3 /* Base */,
			);
			name = Main.storyboard;
			sourceTree = "<group>";
		};
		27BC899E213F37C50008A3E3 /* LaunchScreen.storyboard */ = {
			isa = PBXVariantGroup;
			children = (
				27BC899F213F37C50008A3E3 /* Base */,
			);
			name = LaunchScreen.storyboard;
			sourceTree = "<group>";
		};
/* End PBXVariantGroup section */

/* Begin XCBuildConfiguration section */
		27BC89B8213F37C50008A3E3 /* Debug */ = {
			isa = XCBuildConfiguration;
			buildSettings = {
				ALWAYS_SEARCH_USER_PATHS = NO;
				CLANG_ANALYZER_NONNULL = YES;
				CLANG_ANALYZER_NUMBER_OBJECT_CONVERSION = YES_AGGRESSIVE;
				CLANG_CXX_LANGUAGE_STANDARD = "gnu++14";
				CLANG_CXX_LIBRARY = "libc++";
				CLANG_ENABLE_MODULES = YES;
				CLANG_ENABLE_OBJC_ARC = YES;
				CLANG_WARN_BLOCK_CAPTURE_AUTORELEASING = YES;
				CLANG_WARN_BOOL_CONVERSION = YES;
				CLANG_WARN_COMMA = YES;
				CLANG_WARN_CONSTANT_CONVERSION = YES;
				CLANG_WARN_DIRECT_OBJC_ISA_USAGE = YES_ERROR;
				CLANG_WARN_DOCUMENTATION_COMMENTS = YES;
				CLANG_WARN_EMPTY_BODY = YES;
				CLANG_WARN_ENUM_CONVERSION = YES;
				CLANG_WARN_INFINITE_RECURSION = YES;
				CLANG_WARN_INT_CONVERSION = YES;
				CLANG_WARN_NON_LITERAL_NULL_CONVERSION = YES;
				CLANG_WARN_OBJC_LITERAL_CONVERSION = YES;
				CLANG_WARN_OBJC_ROOT_CLASS = YES_ERROR;
				CLANG_WARN_RANGE_LOOP_ANALYSIS = YES;
				CLANG_WARN_STRICT_PROTOTYPES = YES;
				CLANG_WARN_SUSPICIOUS_MOVE = YES;
				CLANG_WARN_UNGUARDED_AVAILABILITY = YES_AGGRESSIVE;
				CLANG_WARN_UNREACHABLE_CODE = YES;
				CLANG_WARN__DUPLICATE_METHOD_MATCH = YES;
				CODE_SIGN_IDENTITY = "iPhone Developer";
				COPY_PHASE_STRIP = NO;
				DEBUG_INFORMATION_FORMAT = dwarf;
				ENABLE_STRICT_OBJC_MSGSEND = YES;
				ENABLE_TESTABILITY = YES;
				GCC_C_LANGUAGE_STANDARD = gnu11;
				GCC_DYNAMIC_NO_PIC = NO;
				GCC_NO_COMMON_BLOCKS = YES;
				GCC_OPTIMIZATION_LEVEL = 0;
				GCC_PREPROCESSOR_DEFINITIONS = (
					"DEBUG=1",
					"$(inherited)",
				);
				GCC_WARN_64_TO_32_BIT_CONVERSION = YES;
				GCC_WARN_ABOUT_RETURN_TYPE = YES_ERROR;
				GCC_WARN_UNDECLARED_SELECTOR = YES;
				GCC_WARN_UNINITIALIZED_AUTOS = YES_AGGRESSIVE;
				GCC_WARN_UNUSED_FUNCTION = YES;
				GCC_WARN_UNUSED_VARIABLE = YES;
				IPHONEOS_DEPLOYMENT_TARGET = 11.2;
				MTL_ENABLE_DEBUG_INFO = YES;
				ONLY_ACTIVE_ARCH = YES;
				SDKROOT = iphoneos;
				SWIFT_ACTIVE_COMPILATION_CONDITIONS = DEBUG;
				SWIFT_OPTIMIZATION_LEVEL = "-Onone";
			};
			name = Debug;
		};
		27BC89B9213F37C50008A3E3 /* Release */ = {
			isa = XCBuildConfiguration;
			buildSettings = {
				ALWAYS_SEARCH_USER_PATHS = NO;
				CLANG_ANALYZER_NONNULL = YES;
				CLANG_ANALYZER_NUMBER_OBJECT_CONVERSION = YES_AGGRESSIVE;
				CLANG_CXX_LANGUAGE_STANDARD = "gnu++14";
				CLANG_CXX_LIBRARY = "libc++";
				CLANG_ENABLE_MODULES = YES;
				CLANG_ENABLE_OBJC_ARC = YES;
				CLANG_WARN_BLOCK_CAPTURE_AUTORELEASING = YES;
				CLANG_WARN_BOOL_CONVERSION = YES;
				CLANG_WARN_COMMA = YES;
				CLANG_WARN_CONSTANT_CONVERSION = YES;
				CLANG_WARN_DIRECT_OBJC_ISA_USAGE = YES_ERROR;
				CLANG_WARN_DOCUMENTATION_COMMENTS = YES;
				CLANG_WARN_EMPTY_BODY = YES;
				CLANG_WARN_ENUM_CONVERSION = YES;
				CLANG_WARN_INFINITE_RECURSION = YES;
				CLANG_WARN_INT_CONVERSION = YES;
				CLANG_WARN_NON_LITERAL_NULL_CONVERSION = YES;
				CLANG_WARN_OBJC_LITERAL_CONVERSION = YES;
				CLANG_WARN_OBJC_ROOT_CLASS = YES_ERROR;
				CLANG_WARN_RANGE_LOOP_ANALYSIS = YES;
				CLANG_WARN_STRICT_PROTOTYPES = YES;
				CLANG_WARN_SUSPICIOUS_MOVE = YES;
				CLANG_WARN_UNGUARDED_AVAILABILITY = YES_AGGRESSIVE;
				CLANG_WARN_UNREACHABLE_CODE = YES;
				CLANG_WARN__DUPLICATE_METHOD_MATCH = YES;
				CODE_SIGN_IDENTITY = "iPhone Developer";
				COPY_PHASE_STRIP = NO;
				DEBUG_INFORMATION_FORMAT = "dwarf-with-dsym";
				ENABLE_NS_ASSERTIONS = NO;
				ENABLE_STRICT_OBJC_MSGSEND = YES;
				GCC_C_LANGUAGE_STANDARD = gnu11;
				GCC_NO_COMMON_BLOCKS = YES;
				GCC_WARN_64_TO_32_BIT_CONVERSION = YES;
				GCC_WARN_ABOUT_RETURN_TYPE = YES_ERROR;
				GCC_WARN_UNDECLARED_SELECTOR = YES;
				GCC_WARN_UNINITIALIZED_AUTOS = YES_AGGRESSIVE;
				GCC_WARN_UNUSED_FUNCTION = YES;
				GCC_WARN_UNUSED_VARIABLE = YES;
				IPHONEOS_DEPLOYMENT_TARGET = 11.2;
				MTL_ENABLE_DEBUG_INFO = NO;
				SDKROOT = iphoneos;
				SWIFT_OPTIMIZATION_LEVEL = "-Owholemodule";
				VALIDATE_PRODUCT = YES;
			};
			name = Release;
		};
		27BC89BB213F37C50008A3E3 /* Debug */ = {
			isa = XCBuildConfiguration;
			buildSettings = {
				ASSETCATALOG_COMPILER_APPICON_NAME = AppIcon;
				CODE_SIGN_STYLE = Automatic;
				DEVELOPMENT_TEAM = 44JFX5CKGP;
				INFOPLIST_FILE = RedditClient/Info.plist;
				IPHONEOS_DEPLOYMENT_TARGET = 11.0;
				LD_RUNPATH_SEARCH_PATHS = "$(inherited) @executable_path/Frameworks";
				PRODUCT_BUNDLE_IDENTIFIER = com.kdush.RedditClient;
				PRODUCT_NAME = "$(TARGET_NAME)";
				SWIFT_VERSION = 4.0;
				TARGETED_DEVICE_FAMILY = "1,2";
			};
			name = Debug;
		};
		27BC89BC213F37C50008A3E3 /* Release */ = {
			isa = XCBuildConfiguration;
			buildSettings = {
				ASSETCATALOG_COMPILER_APPICON_NAME = AppIcon;
				CODE_SIGN_STYLE = Automatic;
				DEVELOPMENT_TEAM = 44JFX5CKGP;
				INFOPLIST_FILE = RedditClient/Info.plist;
				IPHONEOS_DEPLOYMENT_TARGET = 11.0;
				LD_RUNPATH_SEARCH_PATHS = "$(inherited) @executable_path/Frameworks";
				PRODUCT_BUNDLE_IDENTIFIER = com.kdush.RedditClient;
				PRODUCT_NAME = "$(TARGET_NAME)";
				SWIFT_VERSION = 4.0;
				TARGETED_DEVICE_FAMILY = "1,2";
			};
			name = Release;
		};
		27BC89BE213F37C50008A3E3 /* Debug */ = {
			isa = XCBuildConfiguration;
			buildSettings = {
				ALWAYS_EMBED_SWIFT_STANDARD_LIBRARIES = YES;
				BUNDLE_LOADER = "$(TEST_HOST)";
				CODE_SIGN_STYLE = Automatic;
				DEVELOPMENT_TEAM = 44JFX5CKGP;
				INFOPLIST_FILE = RedditClientTests/Info.plist;
				LD_RUNPATH_SEARCH_PATHS = "$(inherited) @executable_path/Frameworks @loader_path/Frameworks";
				PRODUCT_BUNDLE_IDENTIFIER = com.kdush.RedditClientTests;
				PRODUCT_NAME = "$(TARGET_NAME)";
				SWIFT_VERSION = 4.0;
				TARGETED_DEVICE_FAMILY = "1,2";
				TEST_HOST = "$(BUILT_PRODUCTS_DIR)/RedditClient.app/RedditClient";
			};
			name = Debug;
		};
		27BC89BF213F37C50008A3E3 /* Release */ = {
			isa = XCBuildConfiguration;
			buildSettings = {
				ALWAYS_EMBED_SWIFT_STANDARD_LIBRARIES = YES;
				BUNDLE_LOADER = "$(TEST_HOST)";
				CODE_SIGN_STYLE = Automatic;
				DEVELOPMENT_TEAM = 44JFX5CKGP;
				INFOPLIST_FILE = RedditClientTests/Info.plist;
				LD_RUNPATH_SEARCH_PATHS = "$(inherited) @executable_path/Frameworks @loader_path/Frameworks";
				PRODUCT_BUNDLE_IDENTIFIER = com.kdush.RedditClientTests;
				PRODUCT_NAME = "$(TARGET_NAME)";
				SWIFT_VERSION = 4.0;
				TARGETED_DEVICE_FAMILY = "1,2";
				TEST_HOST = "$(BUILT_PRODUCTS_DIR)/RedditClient.app/RedditClient";
			};
			name = Release;
		};
		27BC89C1213F37C50008A3E3 /* Debug */ = {
			isa = XCBuildConfiguration;
			buildSettings = {
				ALWAYS_EMBED_SWIFT_STANDARD_LIBRARIES = YES;
				CODE_SIGN_STYLE = Automatic;
				DEVELOPMENT_TEAM = 44JFX5CKGP;
				INFOPLIST_FILE = RedditClientUITests/Info.plist;
				LD_RUNPATH_SEARCH_PATHS = "$(inherited) @executable_path/Frameworks @loader_path/Frameworks";
				PRODUCT_BUNDLE_IDENTIFIER = com.kdush.RedditClientUITests;
				PRODUCT_NAME = "$(TARGET_NAME)";
				SWIFT_VERSION = 4.0;
				TARGETED_DEVICE_FAMILY = "1,2";
				TEST_TARGET_NAME = RedditClient;
			};
			name = Debug;
		};
		27BC89C2213F37C50008A3E3 /* Release */ = {
			isa = XCBuildConfiguration;
			buildSettings = {
				ALWAYS_EMBED_SWIFT_STANDARD_LIBRARIES = YES;
				CODE_SIGN_STYLE = Automatic;
				DEVELOPMENT_TEAM = 44JFX5CKGP;
				INFOPLIST_FILE = RedditClientUITests/Info.plist;
				LD_RUNPATH_SEARCH_PATHS = "$(inherited) @executable_path/Frameworks @loader_path/Frameworks";
				PRODUCT_BUNDLE_IDENTIFIER = com.kdush.RedditClientUITests;
				PRODUCT_NAME = "$(TARGET_NAME)";
				SWIFT_VERSION = 4.0;
				TARGETED_DEVICE_FAMILY = "1,2";
				TEST_TARGET_NAME = RedditClient;
			};
			name = Release;
		};
/* End XCBuildConfiguration section */

/* Begin XCConfigurationList section */
		27BC898D213F37C50008A3E3 /* Build configuration list for PBXProject "RedditClient" */ = {
			isa = XCConfigurationList;
			buildConfigurations = (
				27BC89B8213F37C50008A3E3 /* Debug */,
				27BC89B9213F37C50008A3E3 /* Release */,
			);
			defaultConfigurationIsVisible = 0;
			defaultConfigurationName = Release;
		};
		27BC89BA213F37C50008A3E3 /* Build configuration list for PBXNativeTarget "RedditClient" */ = {
			isa = XCConfigurationList;
			buildConfigurations = (
				27BC89BB213F37C50008A3E3 /* Debug */,
				27BC89BC213F37C50008A3E3 /* Release */,
			);
			defaultConfigurationIsVisible = 0;
			defaultConfigurationName = Release;
		};
		27BC89BD213F37C50008A3E3 /* Build configuration list for PBXNativeTarget "RedditClientTests" */ = {
			isa = XCConfigurationList;
			buildConfigurations = (
				27BC89BE213F37C50008A3E3 /* Debug */,
				27BC89BF213F37C50008A3E3 /* Release */,
			);
			defaultConfigurationIsVisible = 0;
			defaultConfigurationName = Release;
		};
		27BC89C0213F37C50008A3E3 /* Build configuration list for PBXNativeTarget "RedditClientUITests" */ = {
			isa = XCConfigurationList;
			buildConfigurations = (
				27BC89C1213F37C50008A3E3 /* Debug */,
				27BC89C2213F37C50008A3E3 /* Release */,
			);
			defaultConfigurationIsVisible = 0;
			defaultConfigurationName = Release;
		};
/* End XCConfigurationList section */
	};
	rootObject = 27BC898A213F37C50008A3E3 /* Project object */;
}
